// !$*UTF8*$!
{
	archiveVersion = 1;
	classes = {
	};
	objectVersion = 50;
	objects = {

/* Begin PBXBuildFile section */
		F4C41A24257E3ACB00D6A5FC /* AppDelegate.swift in Sources */ = {isa = PBXBuildFile; fileRef = F4C41A23257E3ACB00D6A5FC /* AppDelegate.swift */; };
		F4C41A26257E3ACB00D6A5FC /* SceneDelegate.swift in Sources */ = {isa = PBXBuildFile; fileRef = F4C41A25257E3ACB00D6A5FC /* SceneDelegate.swift */; };
		F4C41A28257E3ACB00D6A5FC /* ViewController.swift in Sources */ = {isa = PBXBuildFile; fileRef = F4C41A27257E3ACB00D6A5FC /* ViewController.swift */; };
		F4C41A2B257E3ACB00D6A5FC /* Main.storyboard in Resources */ = {isa = PBXBuildFile; fileRef = F4C41A29257E3ACB00D6A5FC /* Main.storyboard */; };
		F4C41A2E257E3ACB00D6A5FC /* ItsAssistant.xcdatamodeld in Sources */ = {isa = PBXBuildFile; fileRef = F4C41A2C257E3ACB00D6A5FC /* ItsAssistant.xcdatamodeld */; };
		F4C41A30257E3ACE00D6A5FC /* Assets.xcassets in Resources */ = {isa = PBXBuildFile; fileRef = F4C41A2F257E3ACE00D6A5FC /* Assets.xcassets */; };
		F4C41A33257E3ACE00D6A5FC /* LaunchScreen.storyboard in Resources */ = {isa = PBXBuildFile; fileRef = F4C41A31257E3ACE00D6A5FC /* LaunchScreen.storyboard */; };
		F4C41A3E257E3ACE00D6A5FC /* ItsAssistantTests.swift in Sources */ = {isa = PBXBuildFile; fileRef = F4C41A3D257E3ACE00D6A5FC /* ItsAssistantTests.swift */; };
		F4C41A49257E3ACE00D6A5FC /* ItsAssistantUITests.swift in Sources */ = {isa = PBXBuildFile; fileRef = F4C41A48257E3ACE00D6A5FC /* ItsAssistantUITests.swift */; };
/* End PBXBuildFile section */

/* Begin PBXContainerItemProxy section */
		F4C41A3A257E3ACE00D6A5FC /* PBXContainerItemProxy */ = {
			isa = PBXContainerItemProxy;
			containerPortal = F4C41A18257E3ACA00D6A5FC /* Project object */;
			proxyType = 1;
			remoteGlobalIDString = F4C41A1F257E3ACA00D6A5FC;
			remoteInfo = ItsAssistant;
		};
		F4C41A45257E3ACE00D6A5FC /* PBXContainerItemProxy */ = {
			isa = PBXContainerItemProxy;
			containerPortal = F4C41A18257E3ACA00D6A5FC /* Project object */;
			proxyType = 1;
			remoteGlobalIDString = F4C41A1F257E3ACA00D6A5FC;
			remoteInfo = ItsAssistant;
		};
/* End PBXContainerItemProxy section */

/* Begin PBXFileReference section */
		F4C41A20257E3ACB00D6A5FC /* ItsAssistant.app */ = {isa = PBXFileReference; explicitFileType = wrapper.application; includeInIndex = 0; path = ItsAssistant.app; sourceTree = BUILT_PRODUCTS_DIR; };
		F4C41A23257E3ACB00D6A5FC /* AppDelegate.swift */ = {isa = PBXFileReference; lastKnownFileType = sourcecode.swift; path = AppDelegate.swift; sourceTree = "<group>"; };
		F4C41A25257E3ACB00D6A5FC /* SceneDelegate.swift */ = {isa = PBXFileReference; lastKnownFileType = sourcecode.swift; path = SceneDelegate.swift; sourceTree = "<group>"; };
		F4C41A27257E3ACB00D6A5FC /* ViewController.swift */ = {isa = PBXFileReference; lastKnownFileType = sourcecode.swift; path = ViewController.swift; sourceTree = "<group>"; };
		F4C41A2A257E3ACB00D6A5FC /* Base */ = {isa = PBXFileReference; lastKnownFileType = file.storyboard; name = Base; path = Base.lproj/Main.storyboard; sourceTree = "<group>"; };
		F4C41A2D257E3ACB00D6A5FC /* ItsAssistant.xcdatamodel */ = {isa = PBXFileReference; lastKnownFileType = wrapper.xcdatamodel; path = ItsAssistant.xcdatamodel; sourceTree = "<group>"; };
		F4C41A2F257E3ACE00D6A5FC /* Assets.xcassets */ = {isa = PBXFileReference; lastKnownFileType = folder.assetcatalog; path = Assets.xcassets; sourceTree = "<group>"; };
		F4C41A32257E3ACE00D6A5FC /* Base */ = {isa = PBXFileReference; lastKnownFileType = file.storyboard; name = Base; path = Base.lproj/LaunchScreen.storyboard; sourceTree = "<group>"; };
		F4C41A34257E3ACE00D6A5FC /* Info.plist */ = {isa = PBXFileReference; lastKnownFileType = text.plist.xml; path = Info.plist; sourceTree = "<group>"; };
		F4C41A39257E3ACE00D6A5FC /* ItsAssistantTests.xctest */ = {isa = PBXFileReference; explicitFileType = wrapper.cfbundle; includeInIndex = 0; path = ItsAssistantTests.xctest; sourceTree = BUILT_PRODUCTS_DIR; };
		F4C41A3D257E3ACE00D6A5FC /* ItsAssistantTests.swift */ = {isa = PBXFileReference; lastKnownFileType = sourcecode.swift; path = ItsAssistantTests.swift; sourceTree = "<group>"; };
		F4C41A3F257E3ACE00D6A5FC /* Info.plist */ = {isa = PBXFileReference; lastKnownFileType = text.plist.xml; path = Info.plist; sourceTree = "<group>"; };
		F4C41A44257E3ACE00D6A5FC /* ItsAssistantUITests.xctest */ = {isa = PBXFileReference; explicitFileType = wrapper.cfbundle; includeInIndex = 0; path = ItsAssistantUITests.xctest; sourceTree = BUILT_PRODUCTS_DIR; };
		F4C41A48257E3ACE00D6A5FC /* ItsAssistantUITests.swift */ = {isa = PBXFileReference; lastKnownFileType = sourcecode.swift; path = ItsAssistantUITests.swift; sourceTree = "<group>"; };
		F4C41A4A257E3ACE00D6A5FC /* Info.plist */ = {isa = PBXFileReference; lastKnownFileType = text.plist.xml; path = Info.plist; sourceTree = "<group>"; };
/* End PBXFileReference section */

/* Begin PBXFrameworksBuildPhase section */
		F4C41A1D257E3ACA00D6A5FC /* Frameworks */ = {
			isa = PBXFrameworksBuildPhase;
			buildActionMask = 2147483647;
			files = (
			);
			runOnlyForDeploymentPostprocessing = 0;
		};
		F4C41A36257E3ACE00D6A5FC /* Frameworks */ = {
			isa = PBXFrameworksBuildPhase;
			buildActionMask = 2147483647;
			files = (
			);
			runOnlyForDeploymentPostprocessing = 0;
		};
		F4C41A41257E3ACE00D6A5FC /* Frameworks */ = {
			isa = PBXFrameworksBuildPhase;
			buildActionMask = 2147483647;
			files = (
			);
			runOnlyForDeploymentPostprocessing = 0;
		};
/* End PBXFrameworksBuildPhase section */

/* Begin PBXGroup section */
		F4C41A17257E3ACA00D6A5FC = {
			isa = PBXGroup;
			children = (
				F4C41A22257E3ACB00D6A5FC /* ItsAssistant */,
				F4C41A3C257E3ACE00D6A5FC /* ItsAssistantTests */,
				F4C41A47257E3ACE00D6A5FC /* ItsAssistantUITests */,
				F4C41A21257E3ACB00D6A5FC /* Products */,
			);
			sourceTree = "<group>";
		};
		F4C41A21257E3ACB00D6A5FC /* Products */ = {
			isa = PBXGroup;
			children = (
				F4C41A20257E3ACB00D6A5FC /* ItsAssistant.app */,
				F4C41A39257E3ACE00D6A5FC /* ItsAssistantTests.xctest */,
				F4C41A44257E3ACE00D6A5FC /* ItsAssistantUITests.xctest */,
			);
			name = Products;
			sourceTree = "<group>";
		};
		F4C41A22257E3ACB00D6A5FC /* ItsAssistant */ = {
			isa = PBXGroup;
			children = (
				F4C41A23257E3ACB00D6A5FC /* AppDelegate.swift */,
				F4C41A25257E3ACB00D6A5FC /* SceneDelegate.swift */,
				F4C41A27257E3ACB00D6A5FC /* ViewController.swift */,
				F4C41A29257E3ACB00D6A5FC /* Main.storyboard */,
				F4C41A2F257E3ACE00D6A5FC /* Assets.xcassets */,
				F4C41A31257E3ACE00D6A5FC /* LaunchScreen.storyboard */,
				F4C41A34257E3ACE00D6A5FC /* Info.plist */,
				F4C41A2C257E3ACB00D6A5FC /* ItsAssistant.xcdatamodeld */,
			);
			path = ItsAssistant;
			sourceTree = "<group>";
		};
		F4C41A3C257E3ACE00D6A5FC /* ItsAssistantTests */ = {
			isa = PBXGroup;
			children = (
				F4C41A3D257E3ACE00D6A5FC /* ItsAssistantTests.swift */,
				F4C41A3F257E3ACE00D6A5FC /* Info.plist */,
			);
			path = ItsAssistantTests;
			sourceTree = "<group>";
		};
		F4C41A47257E3ACE00D6A5FC /* ItsAssistantUITests */ = {
			isa = PBXGroup;
			children = (
				F4C41A48257E3ACE00D6A5FC /* ItsAssistantUITests.swift */,
				F4C41A4A257E3ACE00D6A5FC /* Info.plist */,
			);
			path = ItsAssistantUITests;
			sourceTree = "<group>";
		};
/* End PBXGroup section */

/* Begin PBXNativeTarget section */
		F4C41A1F257E3ACA00D6A5FC /* ItsAssistant */ = {
			isa = PBXNativeTarget;
			buildConfigurationList = F4C41A4D257E3ACE00D6A5FC /* Build configuration list for PBXNativeTarget "ItsAssistant" */;
			buildPhases = (
				F4C41A1C257E3ACA00D6A5FC /* Sources */,
				F4C41A1D257E3ACA00D6A5FC /* Frameworks */,
				F4C41A1E257E3ACA00D6A5FC /* Resources */,
			);
			buildRules = (
			);
			dependencies = (
			);
			name = ItsAssistant;
			productName = ItsAssistant;
			productReference = F4C41A20257E3ACB00D6A5FC /* ItsAssistant.app */;
			productType = "com.apple.product-type.application";
		};
		F4C41A38257E3ACE00D6A5FC /* ItsAssistantTests */ = {
			isa = PBXNativeTarget;
			buildConfigurationList = F4C41A50257E3ACE00D6A5FC /* Build configuration list for PBXNativeTarget "ItsAssistantTests" */;
			buildPhases = (
				F4C41A35257E3ACE00D6A5FC /* Sources */,
				F4C41A36257E3ACE00D6A5FC /* Frameworks */,
				F4C41A37257E3ACE00D6A5FC /* Resources */,
			);
			buildRules = (
			);
			dependencies = (
				F4C41A3B257E3ACE00D6A5FC /* PBXTargetDependency */,
			);
			name = ItsAssistantTests;
			productName = ItsAssistantTests;
			productReference = F4C41A39257E3ACE00D6A5FC /* ItsAssistantTests.xctest */;
			productType = "com.apple.product-type.bundle.unit-test";
		};
		F4C41A43257E3ACE00D6A5FC /* ItsAssistantUITests */ = {
			isa = PBXNativeTarget;
			buildConfigurationList = F4C41A53257E3ACE00D6A5FC /* Build configuration list for PBXNativeTarget "ItsAssistantUITests" */;
			buildPhases = (
				F4C41A40257E3ACE00D6A5FC /* Sources */,
				F4C41A41257E3ACE00D6A5FC /* Frameworks */,
				F4C41A42257E3ACE00D6A5FC /* Resources */,
			);
			buildRules = (
			);
			dependencies = (
				F4C41A46257E3ACE00D6A5FC /* PBXTargetDependency */,
			);
			name = ItsAssistantUITests;
			productName = ItsAssistantUITests;
			productReference = F4C41A44257E3ACE00D6A5FC /* ItsAssistantUITests.xctest */;
			productType = "com.apple.product-type.bundle.ui-testing";
		};
/* End PBXNativeTarget section */

/* Begin PBXProject section */
		F4C41A18257E3ACA00D6A5FC /* Project object */ = {
			isa = PBXProject;
			attributes = {
				LastSwiftUpdateCheck = 1200;
				LastUpgradeCheck = 1200;
				TargetAttributes = {
					F4C41A1F257E3ACA00D6A5FC = {
						CreatedOnToolsVersion = 12.0.1;
					};
					F4C41A38257E3ACE00D6A5FC = {
						CreatedOnToolsVersion = 12.0.1;
						TestTargetID = F4C41A1F257E3ACA00D6A5FC;
					};
					F4C41A43257E3ACE00D6A5FC = {
						CreatedOnToolsVersion = 12.0.1;
						TestTargetID = F4C41A1F257E3ACA00D6A5FC;
					};
				};
			};
			buildConfigurationList = F4C41A1B257E3ACA00D6A5FC /* Build configuration list for PBXProject "ItsAssistant" */;
			compatibilityVersion = "Xcode 9.3";
			developmentRegion = en;
			hasScannedForEncodings = 0;
			knownRegions = (
				en,
				Base,
			);
			mainGroup = F4C41A17257E3ACA00D6A5FC;
			productRefGroup = F4C41A21257E3ACB00D6A5FC /* Products */;
			projectDirPath = "";
			projectRoot = "";
			targets = (
				F4C41A1F257E3ACA00D6A5FC /* ItsAssistant */,
				F4C41A38257E3ACE00D6A5FC /* ItsAssistantTests */,
				F4C41A43257E3ACE00D6A5FC /* ItsAssistantUITests */,
			);
		};
/* End PBXProject section */

/* Begin PBXResourcesBuildPhase section */
		F4C41A1E257E3ACA00D6A5FC /* Resources */ = {
			isa = PBXResourcesBuildPhase;
			buildActionMask = 2147483647;
			files = (
				F4C41A33257E3ACE00D6A5FC /* LaunchScreen.storyboard in Resources */,
				F4C41A30257E3ACE00D6A5FC /* Assets.xcassets in Resources */,
				F4C41A2B257E3ACB00D6A5FC /* Main.storyboard in Resources */,
			);
			runOnlyForDeploymentPostprocessing = 0;
		};
		F4C41A37257E3ACE00D6A5FC /* Resources */ = {
			isa = PBXResourcesBuildPhase;
			buildActionMask = 2147483647;
			files = (
			);
			runOnlyForDeploymentPostprocessing = 0;
		};
		F4C41A42257E3ACE00D6A5FC /* Resources */ = {
			isa = PBXResourcesBuildPhase;
			buildActionMask = 2147483647;
			files = (
			);
			runOnlyForDeploymentPostprocessing = 0;
		};
/* End PBXResourcesBuildPhase section */

/* Begin PBXSourcesBuildPhase section */
		F4C41A1C257E3ACA00D6A5FC /* Sources */ = {
			isa = PBXSourcesBuildPhase;
			buildActionMask = 2147483647;
			files = (
				F4C41A28257E3ACB00D6A5FC /* ViewController.swift in Sources */,
				F4C41A24257E3ACB00D6A5FC /* AppDelegate.swift in Sources */,
				F4C41A26257E3ACB00D6A5FC /* SceneDelegate.swift in Sources */,
				F4C41A2E257E3ACB00D6A5FC /* ItsAssistant.xcdatamodeld in Sources */,
			);
			runOnlyForDeploymentPostprocessing = 0;
		};
		F4C41A35257E3ACE00D6A5FC /* Sources */ = {
			isa = PBXSourcesBuildPhase;
			buildActionMask = 2147483647;
			files = (
				F4C41A3E257E3ACE00D6A5FC /* ItsAssistantTests.swift in Sources */,
			);
			runOnlyForDeploymentPostprocessing = 0;
		};
		F4C41A40257E3ACE00D6A5FC /* Sources */ = {
			isa = PBXSourcesBuildPhase;
			buildActionMask = 2147483647;
			files = (
				F4C41A49257E3ACE00D6A5FC /* ItsAssistantUITests.swift in Sources */,
			);
			runOnlyForDeploymentPostprocessing = 0;
		};
/* End PBXSourcesBuildPhase section */

/* Begin PBXTargetDependency section */
		F4C41A3B257E3ACE00D6A5FC /* PBXTargetDependency */ = {
			isa = PBXTargetDependency;
			target = F4C41A1F257E3ACA00D6A5FC /* ItsAssistant */;
			targetProxy = F4C41A3A257E3ACE00D6A5FC /* PBXContainerItemProxy */;
		};
		F4C41A46257E3ACE00D6A5FC /* PBXTargetDependency */ = {
			isa = PBXTargetDependency;
			target = F4C41A1F257E3ACA00D6A5FC /* ItsAssistant */;
			targetProxy = F4C41A45257E3ACE00D6A5FC /* PBXContainerItemProxy */;
		};
/* End PBXTargetDependency section */

/* Begin PBXVariantGroup section */
		F4C41A29257E3ACB00D6A5FC /* Main.storyboard */ = {
			isa = PBXVariantGroup;
			children = (
				F4C41A2A257E3ACB00D6A5FC /* Base */,
			);
			name = Main.storyboard;
			sourceTree = "<group>";
		};
		F4C41A31257E3ACE00D6A5FC /* LaunchScreen.storyboard */ = {
			isa = PBXVariantGroup;
			children = (
				F4C41A32257E3ACE00D6A5FC /* Base */,
			);
			name = LaunchScreen.storyboard;
			sourceTree = "<group>";
		};
/* End PBXVariantGroup section */

/* Begin XCBuildConfiguration section */
		F4C41A4B257E3ACE00D6A5FC /* Debug */ = {
			isa = XCBuildConfiguration;
			buildSettings = {
				ALWAYS_SEARCH_USER_PATHS = NO;
				CLANG_ANALYZER_NONNULL = YES;
				CLANG_ANALYZER_NUMBER_OBJECT_CONVERSION = YES_AGGRESSIVE;
				CLANG_CXX_LANGUAGE_STANDARD = "gnu++14";
				CLANG_CXX_LIBRARY = "libc++";
				CLANG_ENABLE_MODULES = YES;
				CLANG_ENABLE_OBJC_ARC = YES;
				CLANG_ENABLE_OBJC_WEAK = YES;
				CLANG_WARN_BLOCK_CAPTURE_AUTORELEASING = YES;
				CLANG_WARN_BOOL_CONVERSION = YES;
				CLANG_WARN_COMMA = YES;
				CLANG_WARN_CONSTANT_CONVERSION = YES;
				CLANG_WARN_DEPRECATED_OBJC_IMPLEMENTATIONS = YES;
				CLANG_WARN_DIRECT_OBJC_ISA_USAGE = YES_ERROR;
				CLANG_WARN_DOCUMENTATION_COMMENTS = YES;
				CLANG_WARN_EMPTY_BODY = YES;
				CLANG_WARN_ENUM_CONVERSION = YES;
				CLANG_WARN_INFINITE_RECURSION = YES;
				CLANG_WARN_INT_CONVERSION = YES;
				CLANG_WARN_NON_LITERAL_NULL_CONVERSION = YES;
				CLANG_WARN_OBJC_IMPLICIT_RETAIN_SELF = YES;
				CLANG_WARN_OBJC_LITERAL_CONVERSION = YES;
				CLANG_WARN_OBJC_ROOT_CLASS = YES_ERROR;
				CLANG_WARN_QUOTED_INCLUDE_IN_FRAMEWORK_HEADER = YES;
				CLANG_WARN_RANGE_LOOP_ANALYSIS = YES;
				CLANG_WARN_STRICT_PROTOTYPES = YES;
				CLANG_WARN_SUSPICIOUS_MOVE = YES;
				CLANG_WARN_UNGUARDED_AVAILABILITY = YES_AGGRESSIVE;
				CLANG_WARN_UNREACHABLE_CODE = YES;
				CLANG_WARN__DUPLICATE_METHOD_MATCH = YES;
				COPY_PHASE_STRIP = NO;
				DEBUG_INFORMATION_FORMAT = dwarf;
				ENABLE_STRICT_OBJC_MSGSEND = YES;
				ENABLE_TESTABILITY = YES;
				GCC_C_LANGUAGE_STANDARD = gnu11;
				GCC_DYNAMIC_NO_PIC = NO;
				GCC_NO_COMMON_BLOCKS = YES;
				GCC_OPTIMIZATION_LEVEL = 0;
				GCC_PREPROCESSOR_DEFINITIONS = (
					"DEBUG=1",
					"$(inherited)",
				);
				GCC_WARN_64_TO_32_BIT_CONVERSION = YES;
				GCC_WARN_ABOUT_RETURN_TYPE = YES_ERROR;
				GCC_WARN_UNDECLARED_SELECTOR = YES;
				GCC_WARN_UNINITIALIZED_AUTOS = YES_AGGRESSIVE;
				GCC_WARN_UNUSED_FUNCTION = YES;
				GCC_WARN_UNUSED_VARIABLE = YES;
				IPHONEOS_DEPLOYMENT_TARGET = 14.0;
				MTL_ENABLE_DEBUG_INFO = INCLUDE_SOURCE;
				MTL_FAST_MATH = YES;
				ONLY_ACTIVE_ARCH = YES;
				SDKROOT = iphoneos;
				SWIFT_ACTIVE_COMPILATION_CONDITIONS = DEBUG;
				SWIFT_OPTIMIZATION_LEVEL = "-Onone";
			};
			name = Debug;
		};
		F4C41A4C257E3ACE00D6A5FC /* Release */ = {
			isa = XCBuildConfiguration;
			buildSettings = {
				ALWAYS_SEARCH_USER_PATHS = NO;
				CLANG_ANALYZER_NONNULL = YES;
				CLANG_ANALYZER_NUMBER_OBJECT_CONVERSION = YES_AGGRESSIVE;
				CLANG_CXX_LANGUAGE_STANDARD = "gnu++14";
				CLANG_CXX_LIBRARY = "libc++";
				CLANG_ENABLE_MODULES = YES;
				CLANG_ENABLE_OBJC_ARC = YES;
				CLANG_ENABLE_OBJC_WEAK = YES;
				CLANG_WARN_BLOCK_CAPTURE_AUTORELEASING = YES;
				CLANG_WARN_BOOL_CONVERSION = YES;
				CLANG_WARN_COMMA = YES;
				CLANG_WARN_CONSTANT_CONVERSION = YES;
				CLANG_WARN_DEPRECATED_OBJC_IMPLEMENTATIONS = YES;
				CLANG_WARN_DIRECT_OBJC_ISA_USAGE = YES_ERROR;
				CLANG_WARN_DOCUMENTATION_COMMENTS = YES;
				CLANG_WARN_EMPTY_BODY = YES;
				CLANG_WARN_ENUM_CONVERSION = YES;
				CLANG_WARN_INFINITE_RECURSION = YES;
				CLANG_WARN_INT_CONVERSION = YES;
				CLANG_WARN_NON_LITERAL_NULL_CONVERSION = YES;
				CLANG_WARN_OBJC_IMPLICIT_RETAIN_SELF = YES;
				CLANG_WARN_OBJC_LITERAL_CONVERSION = YES;
				CLANG_WARN_OBJC_ROOT_CLASS = YES_ERROR;
				CLANG_WARN_QUOTED_INCLUDE_IN_FRAMEWORK_HEADER = YES;
				CLANG_WARN_RANGE_LOOP_ANALYSIS = YES;
				CLANG_WARN_STRICT_PROTOTYPES = YES;
				CLANG_WARN_SUSPICIOUS_MOVE = YES;
				CLANG_WARN_UNGUARDED_AVAILABILITY = YES_AGGRESSIVE;
				CLANG_WARN_UNREACHABLE_CODE = YES;
				CLANG_WARN__DUPLICATE_METHOD_MATCH = YES;
				COPY_PHASE_STRIP = NO;
				DEBUG_INFORMATION_FORMAT = "dwarf-with-dsym";
				ENABLE_NS_ASSERTIONS = NO;
				ENABLE_STRICT_OBJC_MSGSEND = YES;
				GCC_C_LANGUAGE_STANDARD = gnu11;
				GCC_NO_COMMON_BLOCKS = YES;
				GCC_WARN_64_TO_32_BIT_CONVERSION = YES;
				GCC_WARN_ABOUT_RETURN_TYPE = YES_ERROR;
				GCC_WARN_UNDECLARED_SELECTOR = YES;
				GCC_WARN_UNINITIALIZED_AUTOS = YES_AGGRESSIVE;
				GCC_WARN_UNUSED_FUNCTION = YES;
				GCC_WARN_UNUSED_VARIABLE = YES;
				IPHONEOS_DEPLOYMENT_TARGET = 14.0;
				MTL_ENABLE_DEBUG_INFO = NO;
				MTL_FAST_MATH = YES;
				SDKROOT = iphoneos;
				SWIFT_COMPILATION_MODE = wholemodule;
				SWIFT_OPTIMIZATION_LEVEL = "-O";
				VALIDATE_PRODUCT = YES;
			};
			name = Release;
		};
		F4C41A4E257E3ACE00D6A5FC /* Debug */ = {
			isa = XCBuildConfiguration;
			buildSettings = {
				ASSETCATALOG_COMPILER_APPICON_NAME = AppIcon;
				ASSETCATALOG_COMPILER_GLOBAL_ACCENT_COLOR_NAME = AccentColor;
				CODE_SIGN_STYLE = Automatic;
				DEVELOPMENT_TEAM = RGC4NW33H6;
				INFOPLIST_FILE = ItsAssistant/Info.plist;
				LD_RUNPATH_SEARCH_PATHS = (
					"$(inherited)",
					"@executable_path/Frameworks",
				);
				PRODUCT_BUNDLE_IDENTIFIER = com.S10House.ItsAssistant;
				PRODUCT_NAME = "$(TARGET_NAME)";
				SWIFT_VERSION = 5.0;
				TARGETED_DEVICE_FAMILY = "1,2";
			};
			name = Debug;
		};
		F4C41A4F257E3ACE00D6A5FC /* Release */ = {
			isa = XCBuildConfiguration;
			buildSettings = {
				ASSETCATALOG_COMPILER_APPICON_NAME = AppIcon;
				ASSETCATALOG_COMPILER_GLOBAL_ACCENT_COLOR_NAME = AccentColor;
				CODE_SIGN_STYLE = Automatic;
				DEVELOPMENT_TEAM = RGC4NW33H6;
				INFOPLIST_FILE = ItsAssistant/Info.plist;
				LD_RUNPATH_SEARCH_PATHS = (
					"$(inherited)",
					"@executable_path/Frameworks",
				);
				PRODUCT_BUNDLE_IDENTIFIER = com.S10House.ItsAssistant;
				PRODUCT_NAME = "$(TARGET_NAME)";
				SWIFT_VERSION = 5.0;
				TARGETED_DEVICE_FAMILY = "1,2";
			};
			name = Release;
		};
		F4C41A51257E3ACE00D6A5FC /* Debug */ = {
			isa = XCBuildConfiguration;
			buildSettings = {
				ALWAYS_EMBED_SWIFT_STANDARD_LIBRARIES = YES;
				BUNDLE_LOADER = "$(TEST_HOST)";
				CODE_SIGN_STYLE = Automatic;
				DEVELOPMENT_TEAM = RGC4NW33H6;
				INFOPLIST_FILE = ItsAssistantTests/Info.plist;
				IPHONEOS_DEPLOYMENT_TARGET = 14.0;
				LD_RUNPATH_SEARCH_PATHS = (
					"$(inherited)",
					"@executable_path/Frameworks",
					"@loader_path/Frameworks",
				);
				PRODUCT_BUNDLE_IDENTIFIER = com.S10House.ItsAssistantTests;
				PRODUCT_NAME = "$(TARGET_NAME)";
				SWIFT_VERSION = 5.0;
				TARGETED_DEVICE_FAMILY = "1,2";
				TEST_HOST = "$(BUILT_PRODUCTS_DIR)/ItsAssistant.app/ItsAssistant";
			};
			name = Debug;
		};
		F4C41A52257E3ACE00D6A5FC /* Release */ = {
			isa = XCBuildConfiguration;
			buildSettings = {
				ALWAYS_EMBED_SWIFT_STANDARD_LIBRARIES = YES;
				BUNDLE_LOADER = "$(TEST_HOST)";
				CODE_SIGN_STYLE = Automatic;
				DEVELOPMENT_TEAM = RGC4NW33H6;
				INFOPLIST_FILE = ItsAssistantTests/Info.plist;
				IPHONEOS_DEPLOYMENT_TARGET = 14.0;
				LD_RUNPATH_SEARCH_PATHS = (
					"$(inherited)",
					"@executable_path/Frameworks",
					"@loader_path/Frameworks",
				);
				PRODUCT_BUNDLE_IDENTIFIER = com.S10House.ItsAssistantTests;
				PRODUCT_NAME = "$(TARGET_NAME)";
				SWIFT_VERSION = 5.0;
				TARGETED_DEVICE_FAMILY = "1,2";
				TEST_HOST = "$(BUILT_PRODUCTS_DIR)/ItsAssistant.app/ItsAssistant";
			};
			name = Release;
		};
		F4C41A54257E3ACE00D6A5FC /* Debug */ = {
			isa = XCBuildConfiguration;
			buildSettings = {
				ALWAYS_EMBED_SWIFT_STANDARD_LIBRARIES = YES;
				CODE_SIGN_STYLE = Automatic;
				DEVELOPMENT_TEAM = RGC4NW33H6;
				INFOPLIST_FILE = ItsAssistantUITests/Info.plist;
				LD_RUNPATH_SEARCH_PATHS = (
					"$(inherited)",
					"@executable_path/Frameworks",
					"@loader_path/Frameworks",
				);
				PRODUCT_BUNDLE_IDENTIFIER = com.S10House.ItsAssistantUITests;
				PRODUCT_NAME = "$(TARGET_NAME)";
				SWIFT_VERSION = 5.0;
				TARGETED_DEVICE_FAMILY = "1,2";
				TEST_TARGET_NAME = ItsAssistant;
			};
			name = Debug;
		};
		F4C41A55257E3ACE00D6A5FC /* Release */ = {
			isa = XCBuildConfiguration;
			buildSettings = {
				ALWAYS_EMBED_SWIFT_STANDARD_LIBRARIES = YES;
				CODE_SIGN_STYLE = Automatic;
				DEVELOPMENT_TEAM = RGC4NW33H6;
				INFOPLIST_FILE = ItsAssistantUITests/Info.plist;
				LD_RUNPATH_SEARCH_PATHS = (
					"$(inherited)",
					"@executable_path/Frameworks",
					"@loader_path/Frameworks",
				);
				PRODUCT_BUNDLE_IDENTIFIER = com.S10House.ItsAssistantUITests;
				PRODUCT_NAME = "$(TARGET_NAME)";
				SWIFT_VERSION = 5.0;
				TARGETED_DEVICE_FAMILY = "1,2";
				TEST_TARGET_NAME = ItsAssistant;
			};
			name = Release;
		};
/* End XCBuildConfiguration section */

/* Begin XCConfigurationList section */
		F4C41A1B257E3ACA00D6A5FC /* Build configuration list for PBXProject "ItsAssistant" */ = {
			isa = XCConfigurationList;
			buildConfigurations = (
				F4C41A4B257E3ACE00D6A5FC /* Debug */,
				F4C41A4C257E3ACE00D6A5FC /* Release */,
			);
			defaultConfigurationIsVisible = 0;
			defaultConfigurationName = Release;
		};
		F4C41A4D257E3ACE00D6A5FC /* Build configuration list for PBXNativeTarget "ItsAssistant" */ = {
			isa = XCConfigurationList;
			buildConfigurations = (
				F4C41A4E257E3ACE00D6A5FC /* Debug */,
				F4C41A4F257E3ACE00D6A5FC /* Release */,
			);
			defaultConfigurationIsVisible = 0;
			defaultConfigurationName = Release;
		};
		F4C41A50257E3ACE00D6A5FC /* Build configuration list for PBXNativeTarget "ItsAssistantTests" */ = {
			isa = XCConfigurationList;
			buildConfigurations = (
				F4C41A51257E3ACE00D6A5FC /* Debug */,
				F4C41A52257E3ACE00D6A5FC /* Release */,
			);
			defaultConfigurationIsVisible = 0;
			defaultConfigurationName = Release;
		};
		F4C41A53257E3ACE00D6A5FC /* Build configuration list for PBXNativeTarget "ItsAssistantUITests" */ = {
			isa = XCConfigurationList;
			buildConfigurations = (
				F4C41A54257E3ACE00D6A5FC /* Debug */,
				F4C41A55257E3ACE00D6A5FC /* Release */,
			);
			defaultConfigurationIsVisible = 0;
			defaultConfigurationName = Release;
		};
/* End XCConfigurationList section */

/* Begin XCVersionGroup section */
		F4C41A2C257E3ACB00D6A5FC /* ItsAssistant.xcdatamodeld */ = {
			isa = XCVersionGroup;
			children = (
				F4C41A2D257E3ACB00D6A5FC /* ItsAssistant.xcdatamodel */,
			);
			currentVersion = F4C41A2D257E3ACB00D6A5FC /* ItsAssistant.xcdatamodel */;
			path = ItsAssistant.xcdatamodeld;
			sourceTree = "<group>";
			versionGroupType = wrapper.xcdatamodel;
		};
/* End XCVersionGroup section */
	};
	rootObject = F4C41A18257E3ACA00D6A5FC /* Project object */;
}
